{
  "name": "motion-reel",
  "version": "1.0.0",
  "lockfileVersion": 3,
  "requires": true,
  "packages": {
    "": {
      "name": "motion-reel",
      "version": "1.0.0",
      "license": "ISC",
      "dependencies": {
        "ffmpeg-static": "^5.3.0",
        "playwright": "^1.63.0"
      }
    },
    "../../.cache/aube/virtual-store/v1/ffmpeg-static@5.3.0-7847c74ca3018617/node_modules/ffmpeg-static": {
      "version": "5.3.0",
      "hasInstallScript": true,
      "license": "GPL-3.0-or-later",
      "dependencies": {
        "@derhuerst/http-basic": "^8.2.0",
        "env-paths": "^2.2.0",
        "https-proxy-agent": "^5.0.0",
        "progress": "^2.0.3"
      },
      "devDependencies": {
        "any-shell-escape": "^0.1.1"
      },
      "engines": {
        "node": ">=16"
      }
    },
    "../../.cache/aube/virtual-store/v1/playwright@1.63.0-c637c977ab33d59f/node_modules/playwright": {
      "version": "1.63.0",
      "license": "Apache-2.0",
      "dependencies": {
        "playwright-core": "1.63.0"
      },
      "bin": {
        "playwright": "cli.js"
      },
      "engines": {
        "node": ">=20"
      }
    },
    "node_modules/ffmpeg-static": {
      "resolved": "../../.cache/aube/virtual-store/v1/ffmpeg-static@5.3.0-7847c74ca3018617/node_modules/ffmpeg-static",
      "link": true
    },
    "node_modules/playwright": {
      "resolved": "../../.cache/aube/virtual-store/v1/playwright@1.63.0-c637c977ab33d59f/node_modules/playwright",
      "link": true
    }
  }
}
